
Microsoft Visual Studio Solution File, Format Version 12.00
# Visual Studio 15
VisualStudioVersion = 15.0.28307.329
MinimumVisualStudioVersion = 10.0.40219.1
Project("{9A19103F-16F7-4668-BE54-9A1E7A4F7556}") = "EmployeeManagement", "EmployeeManagement\EmployeeManagement.csproj", "{43FBEFC0-40DA-4C49-9788-54DCB29A0003}"
EndProject
Global
	GlobalSection(SolutionConfigurationPlatforms) = preSolution
		Debug|Any CPU = Debug|Any CPU
		Release|Any CPU = Release|Any CPU
	EndGlobalSection
	GlobalSection(ProjectConfigurationPlatforms) = postSolution
		{43FBEFC0-40DA-4C49-9788-54DCB29A0003}.Debug|Any CPU.ActiveCfg = Debug|Any CPU
		{43FBEFC0-40DA-4C49-9788-54DCB29A0003}.Debug|Any CPU.Build.0 = Debug|Any CPU
		{43FBEFC0-40DA-4C49-9788-54DCB29A0003}.Release|Any CPU.ActiveCfg = Release|Any CPU
		{43FBEFC0-40DA-4C49-9788-54DCB29A0003}.Release|Any CPU.Build.0 = Release|Any CPU
	EndGlobalSection
	GlobalSection(SolutionProperties) = preSolution
		HideSolutionNode = FALSE
	EndGlobalSection
	GlobalSection(ExtensibilityGlobals) = postSolution
		SolutionGuid = {475229A0-C157-4C2C-93AD-EA9CFDC57BF0}
	EndGlobalSection
EndGlobal
